
Microsoft Visual Studio Solution File, Format Version 12.00
# Visual Studio Version 17
VisualStudioVersion = 17.7.34202.233
MinimumVisualStudioVersion = 10.0.40219.1
Project("{FAE04EC0-301F-11D3-BF4B-00C04F79EFBC}") = "CustomIdentity", "CustomIdentity\CustomIdentity.csproj", "{68E7E565-74B7-41BE-A525-491DCF044108}"
EndProject
Global
	GlobalSection(SolutionConfigurationPlatforms) = preSolution
		Debug|Any CPU = Debug|Any CPU
		Release|Any CPU = Release|Any CPU
	EndGlobalSection
	GlobalSection(ProjectConfigurationPlatforms) = postSolution
		{68E7E565-74B7-41BE-A525-491DCF044108}.Debug|Any CPU.ActiveCfg = Debug|Any CPU
		{68E7E565-74B7-41BE-A525-491DCF044108}.Debug|Any CPU.Build.0 = Debug|Any CPU
		{68E7E565-74B7-41BE-A525-491DCF044108}.Release|Any CPU.ActiveCfg = Release|Any CPU
		{68E7E565-74B7-41BE-A525-491DCF044108}.Release|Any CPU.Build.0 = Release|Any CPU
	EndGlobalSection
	GlobalSection(SolutionProperties) = preSolution
		HideSolutionNode = FALSE
	EndGlobalSection
	GlobalSection(ExtensibilityGlobals) = postSolution
		SolutionGuid = {C3693580-506D-420F-B1CA-7EC96BEBCB59}
	EndGlobalSection
EndGlobal
